
Microsoft Visual Studio Solution File, Format Version 12.00
# Visual Studio Version 17
VisualStudioVersion = 17.3.32825.248
MinimumVisualStudioVersion = 10.0.40219.1
Project("{FAE04EC0-301F-11D3-BF4B-00C04F79EFBC}") = "Excel_Lokup", "Excel_Lokup\Excel_Lokup.csproj", "{C7EB4418-3E4E-400B-8A0D-F613905AFACE}"
EndProject
Project("{FAE04EC0-301F-11D3-BF4B-00C04F79EFBC}") = "Entity", "Entity\Entity.csproj", "{1658772E-E773-45BF-A899-286B095A8180}"
EndProject
Project("{FAE04EC0-301F-11D3-BF4B-00C04F79EFBC}") = "DataLayer", "DataLayer\DataLayer.csproj", "{3DEF1C57-27AB-4D36-87AA-C9F119A670DD}"
EndProject
Global
	GlobalSection(SolutionConfigurationPlatforms) = preSolution
		Debug|Any CPU = Debug|Any CPU
		Release|Any CPU = Release|Any CPU
	EndGlobalSection
	GlobalSection(ProjectConfigurationPlatforms) = postSolution
		{C7EB4418-3E4E-400B-8A0D-F613905AFACE}.Debug|Any CPU.ActiveCfg = Debug|Any CPU
		{C7EB4418-3E4E-400B-8A0D-F613905AFACE}.Debug|Any CPU.Build.0 = Debug|Any CPU
		{C7EB4418-3E4E-400B-8A0D-F613905AFACE}.Release|Any CPU.ActiveCfg = Release|Any CPU
		{C7EB4418-3E4E-400B-8A0D-F613905AFACE}.Release|Any CPU.Build.0 = Release|Any CPU
		{1658772E-E773-45BF-A899-286B095A8180}.Debug|Any CPU.ActiveCfg = Debug|Any CPU
		{1658772E-E773-45BF-A899-286B095A8180}.Debug|Any CPU.Build.0 = Debug|Any CPU
		{1658772E-E773-45BF-A899-286B095A8180}.Release|Any CPU.ActiveCfg = Release|Any CPU
		{1658772E-E773-45BF-A899-286B095A8180}.Release|Any CPU.Build.0 = Release|Any CPU
		{3DEF1C57-27AB-4D36-87AA-C9F119A670DD}.Debug|Any CPU.ActiveCfg = Debug|Any CPU
		{3DEF1C57-27AB-4D36-87AA-C9F119A670DD}.Debug|Any CPU.Build.0 = Debug|Any CPU
		{3DEF1C57-27AB-4D36-87AA-C9F119A670DD}.Release|Any CPU.ActiveCfg = Release|Any CPU
		{3DEF1C57-27AB-4D36-87AA-C9F119A670DD}.Release|Any CPU.Build.0 = Release|Any CPU
	EndGlobalSection
	GlobalSection(SolutionProperties) = preSolution
		HideSolutionNode = FALSE
	EndGlobalSection
	GlobalSection(ExtensibilityGlobals) = postSolution
		SolutionGuid = {5E2937DE-D11A-4AC0-BA34-7729CDA425E6}
	EndGlobalSection
EndGlobal
